
Microsoft Visual Studio Solution File, Format Version 12.00
# Visual Studio Version 16
VisualStudioVersion = 16.0.31613.86
MinimumVisualStudioVersion = 10.0.40219.1
Project("{9A19103F-16F7-4668-BE54-9A1E7A4F7556}") = "GdscriptTranscompiler", "GdscriptTranscompiler\GdscriptTranscompiler.csproj", "{81AFCEAF-452D-4179-B7B6-5B3E10996C99}"
EndProject
Project("{FAE04EC0-301F-11D3-BF4B-00C04F79EFBC}") = "CommandLine", "CommandLine\CommandLine.csproj", "{719F2A25-4ADD-42C7-8C4C-5E9A08474E95}"
EndProject
Global
	GlobalSection(SolutionConfigurationPlatforms) = preSolution
		Debug|Any CPU = Debug|Any CPU
		Release|Any CPU = Release|Any CPU
	EndGlobalSection
	GlobalSection(ProjectConfigurationPlatforms) = postSolution
		{81AFCEAF-452D-4179-B7B6-5B3E10996C99}.Debug|Any CPU.ActiveCfg = Debug|Any CPU
		{81AFCEAF-452D-4179-B7B6-5B3E10996C99}.Debug|Any CPU.Build.0 = Debug|Any CPU
		{81AFCEAF-452D-4179-B7B6-5B3E10996C99}.Release|Any CPU.ActiveCfg = Release|Any CPU
		{81AFCEAF-452D-4179-B7B6-5B3E10996C99}.Release|Any CPU.Build.0 = Release|Any CPU
		{719F2A25-4ADD-42C7-8C4C-5E9A08474E95}.Debug|Any CPU.ActiveCfg = Debug|Any CPU
		{719F2A25-4ADD-42C7-8C4C-5E9A08474E95}.Debug|Any CPU.Build.0 = Debug|Any CPU
		{719F2A25-4ADD-42C7-8C4C-5E9A08474E95}.Release|Any CPU.ActiveCfg = Release|Any CPU
		{719F2A25-4ADD-42C7-8C4C-5E9A08474E95}.Release|Any CPU.Build.0 = Release|Any CPU
	EndGlobalSection
	GlobalSection(SolutionProperties) = preSolution
		HideSolutionNode = FALSE
	EndGlobalSection
	GlobalSection(ExtensibilityGlobals) = postSolution
		SolutionGuid = {ED7003F6-EBDB-4AF6-A289-839D347E784A}
	EndGlobalSection
EndGlobal
